
Microsoft Visual Studio Solution File, Format Version 10.00
# Visual Studio 2008
Project("{8BC9CEB8-8B4A-11D0-8D11-00A0C91BC942}") = "DontStarveInjector", "DontStarveInjector\DontStarveInjector.vcproj", "{F5D7D1FC-F60A-4238-BA00-150599792BAC}"
EndProject
Project("{8BC9CEB8-8B4A-11D0-8D11-00A0C91BC942}") = "lua51", "lua51\lua51.vcproj", "{A8B0B6F3-A0E1-45B8-B711-45BB7F434CA6}"
EndProject
Global
	GlobalSection(SolutionConfigurationPlatforms) = preSolution
		Debug|Win32 = Debug|Win32
		Release|Win32 = Release|Win32
	EndGlobalSection
	GlobalSection(ProjectConfigurationPlatforms) = postSolution
		{F5D7D1FC-F60A-4238-BA00-150599792BAC}.Debug|Win32.ActiveCfg = Debug|Win32
		{F5D7D1FC-F60A-4238-BA00-150599792BAC}.Debug|Win32.Build.0 = Debug|Win32
		{F5D7D1FC-F60A-4238-BA00-150599792BAC}.Release|Win32.ActiveCfg = Release|Win32
		{F5D7D1FC-F60A-4238-BA00-150599792BAC}.Release|Win32.Build.0 = Release|Win32
		{A8B0B6F3-A0E1-45B8-B711-45BB7F434CA6}.Debug|Win32.ActiveCfg = Debug|Win32
		{A8B0B6F3-A0E1-45B8-B711-45BB7F434CA6}.Debug|Win32.Build.0 = Debug|Win32
		{A8B0B6F3-A0E1-45B8-B711-45BB7F434CA6}.Release|Win32.ActiveCfg = Release|Win32
		{A8B0B6F3-A0E1-45B8-B711-45BB7F434CA6}.Release|Win32.Build.0 = Release|Win32
	EndGlobalSection
	GlobalSection(SolutionProperties) = preSolution
		HideSolutionNode = FALSE
	EndGlobalSection
EndGlobal
